
Microsoft Visual Studio Solution File, Format Version 12.00
# Visual Studio 15
VisualStudioVersion = 15.0.28307.271
MinimumVisualStudioVersion = 10.0.40219.1
Project("{FAE04EC0-301F-11D3-BF4B-00C04F79EFBC}") = "Homework5", "Homework5\Homework5.csproj", "{1AEE3965-E820-4353-9E16-00E98361835B}"
EndProject
Global
	GlobalSection(SolutionConfigurationPlatforms) = preSolution
		Debug|Any CPU = Debug|Any CPU
		Release|Any CPU = Release|Any CPU
	EndGlobalSection
	GlobalSection(ProjectConfigurationPlatforms) = postSolution
		{1AEE3965-E820-4353-9E16-00E98361835B}.Debug|Any CPU.ActiveCfg = Debug|Any CPU
		{1AEE3965-E820-4353-9E16-00E98361835B}.Debug|Any CPU.Build.0 = Debug|Any CPU
		{1AEE3965-E820-4353-9E16-00E98361835B}.Release|Any CPU.ActiveCfg = Release|Any CPU
		{1AEE3965-E820-4353-9E16-00E98361835B}.Release|Any CPU.Build.0 = Release|Any CPU
	EndGlobalSection
	GlobalSection(SolutionProperties) = preSolution
		HideSolutionNode = FALSE
	EndGlobalSection
	GlobalSection(ExtensibilityGlobals) = postSolution
		SolutionGuid = {0A9B16FF-2982-44B6-ACAC-144A5355404C}
	EndGlobalSection
EndGlobal
